
Microsoft Visual Studio Solution File, Format Version 12.00
# Visual Studio Version 16
VisualStudioVersion = 16.0.30413.136
MinimumVisualStudioVersion = 10.0.40219.1
Project("{FAE04EC0-301F-11D3-BF4B-00C04F79EFBC}") = "ES_UpContacts", "ES_UpContacts\ES_UpContacts.csproj", "{B4AA33EE-0756-49F3-BA96-B14238F004D0}"
EndProject
Global
	GlobalSection(SolutionConfigurationPlatforms) = preSolution
		Debug|Any CPU = Debug|Any CPU
		Release|Any CPU = Release|Any CPU
	EndGlobalSection
	GlobalSection(ProjectConfigurationPlatforms) = postSolution
		{B4AA33EE-0756-49F3-BA96-B14238F004D0}.Debug|Any CPU.ActiveCfg = Debug|Any CPU
		{B4AA33EE-0756-49F3-BA96-B14238F004D0}.Debug|Any CPU.Build.0 = Debug|Any CPU
		{B4AA33EE-0756-49F3-BA96-B14238F004D0}.Release|Any CPU.ActiveCfg = Release|Any CPU
		{B4AA33EE-0756-49F3-BA96-B14238F004D0}.Release|Any CPU.Build.0 = Release|Any CPU
	EndGlobalSection
	GlobalSection(SolutionProperties) = preSolution
		HideSolutionNode = FALSE
	EndGlobalSection
	GlobalSection(ExtensibilityGlobals) = postSolution
		SolutionGuid = {84EAFA49-7A11-4145-91F8-D38DD2EDE579}
	EndGlobalSection
EndGlobal
